
Microsoft Visual Studio Solution File, Format Version 12.00
# Visual Studio 15
VisualStudioVersion = 15.0.27130.2027
MinimumVisualStudioVersion = 10.0.40219.1
Project("{FAE04EC0-301F-11D3-BF4B-00C04F79EFBC}") = "Plugin.Fingerprint", "Plugin.Fingerprint\Plugin.Fingerprint.csproj", "{4AB8BA07-FC70-4F51-9E52-26A5942BAD80}"
EndProject
Project("{FAE04EC0-301F-11D3-BF4B-00C04F79EFBC}") = "Plugin.Fingerprint.iOS", "Plugin.Fingerprint.iOS\Plugin.Fingerprint.iOS.csproj", "{13A8B97E-AC65-4A51-96DF-9A859176D433}"
EndProject
Project("{FAE04EC0-301F-11D3-BF4B-00C04F79EFBC}") = "Plugin.Fingerprint.Abstractions", "Plugin.Fingerprint.Abstractions\Plugin.Fingerprint.Abstractions.csproj", "{9E635804-0422-40BB-8F5C-303853A9CE3D}"
EndProject
Project("{FAE04EC0-301F-11D3-BF4B-00C04F79EFBC}") = "Plugin.Fingerprint.Android", "Plugin.Fingerprint.Android\Plugin.Fingerprint.Android.csproj", "{616D802D-93AA-4FB3-B7AA-DAC1A38943E0}"
EndProject
Project("{2150E333-8FDC-42A3-9474-1A3956D46DE8}") = ".build", ".build", "{44D4F832-D019-4500-9AEE-BA7038FCBD91}"
	ProjectSection(SolutionItems) = preProject
		.build\build.bat = .build\build.bat
		.build\build.fsx = .build\build.fsx
		.build\MvvmCross.Plugins.Fingerprint.nuspec = .build\MvvmCross.Plugins.Fingerprint.nuspec
		.build\Plugin.Fingerprint.nuspec = .build\Plugin.Fingerprint.nuspec
	EndProjectSection
EndProject
Project("{2150E333-8FDC-42A3-9474-1A3956D46DE8}") = ".nuget", ".nuget", "{23667AB3-6148-4B1C-8DE1-EF92273D25E4}"
	ProjectSection(SolutionItems) = preProject
		.nuget\NuGet.Config = .nuget\NuGet.Config
		.nuget\NuGet.exe = .nuget\NuGet.exe
		.nuget\NuGet.targets = .nuget\NuGet.targets
	EndProjectSection
EndProject
Project("{2150E333-8FDC-42A3-9474-1A3956D46DE8}") = "MvvmCross", "MvvmCross", "{BA5BB115-619A-4189-8F85-E8D6E5100929}"
EndProject
Project("{FAE04EC0-301F-11D3-BF4B-00C04F79EFBC}") = "MvvmCross.Plugins.Fingerprint.Android", "MvvmCross.Plugins.Fingerprint.Android\MvvmCross.Plugins.Fingerprint.Android.csproj", "{93A4EB5A-15AF-4EB3-95EB-657374397A38}"
EndProject
Project("{FAE04EC0-301F-11D3-BF4B-00C04F79EFBC}") = "MvvmCross.Plugins.Fingerprint.iOS", "MvvmCross.Plugins.Fingerprint.iOS\MvvmCross.Plugins.Fingerprint.iOS.csproj", "{F828DBAB-31DA-44E2-A50F-4D24A87644C2}"
EndProject
Project("{FAE04EC0-301F-11D3-BF4B-00C04F79EFBC}") = "MvvmCross.Plugins.Fingerprint", "MvvmCross.Plugins.Fingerprint\MvvmCross.Plugins.Fingerprint.csproj", "{99AF4877-02DF-4DAE-A524-4056BAE82614}"
EndProject
Project("{FAE04EC0-301F-11D3-BF4B-00C04F79EFBC}") = "Plugin.Fingerprint.Android.Samsung", "Plugin.Fingerprint.Android.Samsung\Plugin.Fingerprint.Android.Samsung.csproj", "{E81F50D5-95C3-4D5A-9397-F79946912B5D}"
EndProject
Project("{FAE04EC0-301F-11D3-BF4B-00C04F79EFBC}") = "Plugin.Fingerprint.NotImplemented", "Plugin.Fingerprint.NotImplemented\Plugin.Fingerprint.NotImplemented.csproj", "{D9963397-2C19-4DCF-9926-F05DD43DD322}"
EndProject
Project("{2150E333-8FDC-42A3-9474-1A3956D46DE8}") = ".doc", ".doc", "{7674D66B-F32B-4C41-9843-FDAC66BE96E7}"
	ProjectSection(SolutionItems) = preProject
		..\doc\changelog.md = ..\doc\changelog.md
		..\README.md = ..\README.md
	EndProjectSection
EndProject
Global
	GlobalSection(SolutionConfigurationPlatforms) = preSolution
		Ad-Hoc|Any CPU = Ad-Hoc|Any CPU
		Ad-Hoc|ARM = Ad-Hoc|ARM
		Ad-Hoc|iPhone = Ad-Hoc|iPhone
		Ad-Hoc|iPhoneSimulator = Ad-Hoc|iPhoneSimulator
		Ad-Hoc|x64 = Ad-Hoc|x64
		Ad-Hoc|x86 = Ad-Hoc|x86
		AppStore|Any CPU = AppStore|Any CPU
		AppStore|ARM = AppStore|ARM
		AppStore|iPhone = AppStore|iPhone
		AppStore|iPhoneSimulator = AppStore|iPhoneSimulator
		AppStore|x64 = AppStore|x64
		AppStore|x86 = AppStore|x86
		Debug|Any CPU = Debug|Any CPU
		Debug|ARM = Debug|ARM
		Debug|iPhone = Debug|iPhone
		Debug|iPhoneSimulator = Debug|iPhoneSimulator
		Debug|x64 = Debug|x64
		Debug|x86 = Debug|x86
		Release|Any CPU = Release|Any CPU
		Release|ARM = Release|ARM
		Release|iPhone = Release|iPhone
		Release|iPhoneSimulator = Release|iPhoneSimulator
		Release|x64 = Release|x64
		Release|x86 = Release|x86
	EndGlobalSection
	GlobalSection(ProjectConfigurationPlatforms) = postSolution
		{4AB8BA07-FC70-4F51-9E52-26A5942BAD80}.Ad-Hoc|Any CPU.ActiveCfg = Release|Any CPU
		{4AB8BA07-FC70-4F51-9E52-26A5942BAD80}.Ad-Hoc|Any CPU.Build.0 = Release|Any CPU
		{4AB8BA07-FC70-4F51-9E52-26A5942BAD80}.Ad-Hoc|ARM.ActiveCfg = Release|Any CPU
		{4AB8BA07-FC70-4F51-9E52-26A5942BAD80}.Ad-Hoc|ARM.Build.0 = Release|Any CPU
		{4AB8BA07-FC70-4F51-9E52-26A5942BAD80}.Ad-Hoc|iPhone.ActiveCfg = Release|Any CPU
		{4AB8BA07-FC70-4F51-9E52-26A5942BAD80}.Ad-Hoc|iPhone.Build.0 = Release|Any CPU
		{4AB8BA07-FC70-4F51-9E52-26A5942BAD80}.Ad-Hoc|iPhoneSimulator.ActiveCfg = Release|Any CPU
		{4AB8BA07-FC70-4F51-9E52-26A5942BAD80}.Ad-Hoc|iPhoneSimulator.Build.0 = Release|Any CPU
		{4AB8BA07-FC70-4F51-9E52-26A5942BAD80}.Ad-Hoc|x64.ActiveCfg = Debug|Any CPU
		{4AB8BA07-FC70-4F51-9E52-26A5942BAD80}.Ad-Hoc|x64.Build.0 = Debug|Any CPU
		{4AB8BA07-FC70-4F51-9E52-26A5942BAD80}.Ad-Hoc|x86.ActiveCfg = Release|Any CPU
		{4AB8BA07-FC70-4F51-9E52-26A5942BAD80}.Ad-Hoc|x86.Build.0 = Release|Any CPU
		{4AB8BA07-FC70-4F51-9E52-26A5942BAD80}.AppStore|Any CPU.ActiveCfg = Release|Any CPU
		{4AB8BA07-FC70-4F51-9E52-26A5942BAD80}.AppStore|Any CPU.Build.0 = Release|Any CPU
		{4AB8BA07-FC70-4F51-9E52-26A5942BAD80}.AppStore|ARM.ActiveCfg = Release|Any CPU
		{4AB8BA07-FC70-4F51-9E52-26A5942BAD80}.AppStore|ARM.Build.0 = Release|Any CPU
		{4AB8BA07-FC70-4F51-9E52-26A5942BAD80}.AppStore|iPhone.ActiveCfg = Release|Any CPU
		{4AB8BA07-FC70-4F51-9E52-26A5942BAD80}.AppStore|iPhone.Build.0 = Release|Any CPU
		{4AB8BA07-FC70-4F51-9E52-26A5942BAD80}.AppStore|iPhoneSimulator.ActiveCfg = Release|Any CPU
		{4AB8BA07-FC70-4F51-9E52-26A5942BAD80}.AppStore|iPhoneSimulator.Build.0 = Release|Any CPU
		{4AB8BA07-FC70-4F51-9E52-26A5942BAD80}.AppStore|x64.ActiveCfg = Debug|Any CPU
		{4AB8BA07-FC70-4F51-9E52-26A5942BAD80}.AppStore|x64.Build.0 = Debug|Any CPU
		{4AB8BA07-FC70-4F51-9E52-26A5942BAD80}.AppStore|x86.ActiveCfg = Release|Any CPU
		{4AB8BA07-FC70-4F51-9E52-26A5942BAD80}.AppStore|x86.Build.0 = Release|Any CPU
		{4AB8BA07-FC70-4F51-9E52-26A5942BAD80}.Debug|Any CPU.ActiveCfg = Debug|Any CPU
		{4AB8BA07-FC70-4F51-9E52-26A5942BAD80}.Debug|Any CPU.Build.0 = Debug|Any CPU
		{4AB8BA07-FC70-4F51-9E52-26A5942BAD80}.Debug|ARM.ActiveCfg = Debug|Any CPU
		{4AB8BA07-FC70-4F51-9E52-26A5942BAD80}.Debug|ARM.Build.0 = Debug|Any CPU
		{4AB8BA07-FC70-4F51-9E52-26A5942BAD80}.Debug|iPhone.ActiveCfg = Debug|Any CPU
		{4AB8BA07-FC70-4F51-9E52-26A5942BAD80}.Debug|iPhone.Build.0 = Debug|Any CPU
		{4AB8BA07-FC70-4F51-9E52-26A5942BAD80}.Debug|iPhoneSimulator.ActiveCfg = Debug|Any CPU
		{4AB8BA07-FC70-4F51-9E52-26A5942BAD80}.Debug|iPhoneSimulator.Build.0 = Debug|Any CPU
		{4AB8BA07-FC70-4F51-9E52-26A5942BAD80}.Debug|x64.ActiveCfg = Debug|Any CPU
		{4AB8BA07-FC70-4F51-9E52-26A5942BAD80}.Debug|x64.Build.0 = Debug|Any CPU
		{4AB8BA07-FC70-4F51-9E52-26A5942BAD80}.Debug|x86.ActiveCfg = Debug|Any CPU
		{4AB8BA07-FC70-4F51-9E52-26A5942BAD80}.Debug|x86.Build.0 = Debug|Any CPU
		{4AB8BA07-FC70-4F51-9E52-26A5942BAD80}.Release|Any CPU.ActiveCfg = Release|Any CPU
		{4AB8BA07-FC70-4F51-9E52-26A5942BAD80}.Release|Any CPU.Build.0 = Release|Any CPU
		{4AB8BA07-FC70-4F51-9E52-26A5942BAD80}.Release|ARM.ActiveCfg = Release|Any CPU
		{4AB8BA07-FC70-4F51-9E52-26A5942BAD80}.Release|ARM.Build.0 = Release|Any CPU
		{4AB8BA07-FC70-4F51-9E52-26A5942BAD80}.Release|iPhone.ActiveCfg = Release|Any CPU
		{4AB8BA07-FC70-4F51-9E52-26A5942BAD80}.Release|iPhone.Build.0 = Release|Any CPU
		{4AB8BA07-FC70-4F51-9E52-26A5942BAD80}.Release|iPhoneSimulator.ActiveCfg = Release|Any CPU
		{4AB8BA07-FC70-4F51-9E52-26A5942BAD80}.Release|iPhoneSimulator.Build.0 = Release|Any CPU
		{4AB8BA07-FC70-4F51-9E52-26A5942BAD80}.Release|x64.ActiveCfg = Release|Any CPU
		{4AB8BA07-FC70-4F51-9E52-26A5942BAD80}.Release|x64.Build.0 = Release|Any CPU
		{4AB8BA07-FC70-4F51-9E52-26A5942BAD80}.Release|x86.ActiveCfg = Release|Any CPU
		{4AB8BA07-FC70-4F51-9E52-26A5942BAD80}.Release|x86.Build.0 = Release|Any CPU
		{13A8B97E-AC65-4A51-96DF-9A859176D433}.Ad-Hoc|Any CPU.ActiveCfg = Release|Any CPU
		{13A8B97E-AC65-4A51-96DF-9A859176D433}.Ad-Hoc|Any CPU.Build.0 = Release|Any CPU
		{13A8B97E-AC65-4A51-96DF-9A859176D433}.Ad-Hoc|ARM.ActiveCfg = Release|Any CPU
		{13A8B97E-AC65-4A51-96DF-9A859176D433}.Ad-Hoc|ARM.Build.0 = Release|Any CPU
		{13A8B97E-AC65-4A51-96DF-9A859176D433}.Ad-Hoc|iPhone.ActiveCfg = Release|Any CPU
		{13A8B97E-AC65-4A51-96DF-9A859176D433}.Ad-Hoc|iPhone.Build.0 = Release|Any CPU
		{13A8B97E-AC65-4A51-96DF-9A859176D433}.Ad-Hoc|iPhoneSimulator.ActiveCfg = Release|Any CPU
		{13A8B97E-AC65-4A51-96DF-9A859176D433}.Ad-Hoc|iPhoneSimulator.Build.0 = Release|Any CPU
		{13A8B97E-AC65-4A51-96DF-9A859176D433}.Ad-Hoc|x64.ActiveCfg = Debug|Any CPU
		{13A8B97E-AC65-4A51-96DF-9A859176D433}.Ad-Hoc|x64.Build.0 = Debug|Any CPU
		{13A8B97E-AC65-4A51-96DF-9A859176D433}.Ad-Hoc|x86.ActiveCfg = Release|Any CPU
		{13A8B97E-AC65-4A51-96DF-9A859176D433}.Ad-Hoc|x86.Build.0 = Release|Any CPU
		{13A8B97E-AC65-4A51-96DF-9A859176D433}.AppStore|Any CPU.ActiveCfg = Release|Any CPU
		{13A8B97E-AC65-4A51-96DF-9A859176D433}.AppStore|Any CPU.Build.0 = Release|Any CPU
		{13A8B97E-AC65-4A51-96DF-9A859176D433}.AppStore|ARM.ActiveCfg = Release|Any CPU
		{13A8B97E-AC65-4A51-96DF-9A859176D433}.AppStore|ARM.Build.0 = Release|Any CPU
		{13A8B97E-AC65-4A51-96DF-9A859176D433}.AppStore|iPhone.ActiveCfg = Release|Any CPU
		{13A8B97E-AC65-4A51-96DF-9A859176D433}.AppStore|iPhone.Build.0 = Release|Any CPU
		{13A8B97E-AC65-4A51-96DF-9A859176D433}.AppStore|iPhoneSimulator.ActiveCfg = Release|Any CPU
		{13A8B97E-AC65-4A51-96DF-9A859176D433}.AppStore|iPhoneSimulator.Build.0 = Release|Any CPU
		{13A8B97E-AC65-4A51-96DF-9A859176D433}.AppStore|x64.ActiveCfg = Debug|Any CPU
		{13A8B97E-AC65-4A51-96DF-9A859176D433}.AppStore|x64.Build.0 = Debug|Any CPU
		{13A8B97E-AC65-4A51-96DF-9A859176D433}.AppStore|x86.ActiveCfg = Release|Any CPU
		{13A8B97E-AC65-4A51-96DF-9A859176D433}.AppStore|x86.Build.0 = Release|Any CPU
		{13A8B97E-AC65-4A51-96DF-9A859176D433}.Debug|Any CPU.ActiveCfg = Debug|Any CPU
		{13A8B97E-AC65-4A51-96DF-9A859176D433}.Debug|Any CPU.Build.0 = Debug|Any CPU
		{13A8B97E-AC65-4A51-96DF-9A859176D433}.Debug|ARM.ActiveCfg = Debug|Any CPU
		{13A8B97E-AC65-4A51-96DF-9A859176D433}.Debug|ARM.Build.0 = Debug|Any CPU
		{13A8B97E-AC65-4A51-96DF-9A859176D433}.Debug|iPhone.ActiveCfg = Debug|Any CPU
		{13A8B97E-AC65-4A51-96DF-9A859176D433}.Debug|iPhone.Build.0 = Debug|Any CPU
		{13A8B97E-AC65-4A51-96DF-9A859176D433}.Debug|iPhoneSimulator.ActiveCfg = Debug|Any CPU
		{13A8B97E-AC65-4A51-96DF-9A859176D433}.Debug|iPhoneSimulator.Build.0 = Debug|Any CPU
		{13A8B97E-AC65-4A51-96DF-9A859176D433}.Debug|x64.ActiveCfg = Debug|Any CPU
		{13A8B97E-AC65-4A51-96DF-9A859176D433}.Debug|x64.Build.0 = Debug|Any CPU
		{13A8B97E-AC65-4A51-96DF-9A859176D433}.Debug|x86.ActiveCfg = Debug|Any CPU
		{13A8B97E-AC65-4A51-96DF-9A859176D433}.Debug|x86.Build.0 = Debug|Any CPU
		{13A8B97E-AC65-4A51-96DF-9A859176D433}.Release|Any CPU.ActiveCfg = Release|Any CPU
		{13A8B97E-AC65-4A51-96DF-9A859176D433}.Release|Any CPU.Build.0 = Release|Any CPU
		{13A8B97E-AC65-4A51-96DF-9A859176D433}.Release|ARM.ActiveCfg = Release|Any CPU
		{13A8B97E-AC65-4A51-96DF-9A859176D433}.Release|ARM.Build.0 = Release|Any CPU
		{13A8B97E-AC65-4A51-96DF-9A859176D433}.Release|iPhone.ActiveCfg = Release|Any CPU
		{13A8B97E-AC65-4A51-96DF-9A859176D433}.Release|iPhone.Build.0 = Release|Any CPU
		{13A8B97E-AC65-4A51-96DF-9A859176D433}.Release|iPhoneSimulator.ActiveCfg = Release|Any CPU
		{13A8B97E-AC65-4A51-96DF-9A859176D433}.Release|iPhoneSimulator.Build.0 = Release|Any CPU
		{13A8B97E-AC65-4A51-96DF-9A859176D433}.Release|x64.ActiveCfg = Release|Any CPU
		{13A8B97E-AC65-4A51-96DF-9A859176D433}.Release|x64.Build.0 = Release|Any CPU
		{13A8B97E-AC65-4A51-96DF-9A859176D433}.Release|x86.ActiveCfg = Release|Any CPU
		{13A8B97E-AC65-4A51-96DF-9A859176D433}.Release|x86.Build.0 = Release|Any CPU
		{9E635804-0422-40BB-8F5C-303853A9CE3D}.Ad-Hoc|Any CPU.ActiveCfg = Release|Any CPU
		{9E635804-0422-40BB-8F5C-303853A9CE3D}.Ad-Hoc|Any CPU.Build.0 = Release|Any CPU
		{9E635804-0422-40BB-8F5C-303853A9CE3D}.Ad-Hoc|ARM.ActiveCfg = Release|Any CPU
		{9E635804-0422-40BB-8F5C-303853A9CE3D}.Ad-Hoc|ARM.Build.0 = Release|Any CPU
		{9E635804-0422-40BB-8F5C-303853A9CE3D}.Ad-Hoc|iPhone.ActiveCfg = Release|Any CPU
		{9E635804-0422-40BB-8F5C-303853A9CE3D}.Ad-Hoc|iPhone.Build.0 = Release|Any CPU
		{9E635804-0422-40BB-8F5C-303853A9CE3D}.Ad-Hoc|iPhoneSimulator.ActiveCfg = Release|Any CPU
		{9E635804-0422-40BB-8F5C-303853A9CE3D}.Ad-Hoc|iPhoneSimulator.Build.0 = Release|Any CPU
		{9E635804-0422-40BB-8F5C-303853A9CE3D}.Ad-Hoc|x64.ActiveCfg = Debug|Any CPU
		{9E635804-0422-40BB-8F5C-303853A9CE3D}.Ad-Hoc|x64.Build.0 = Debug|Any CPU
		{9E635804-0422-40BB-8F5C-303853A9CE3D}.Ad-Hoc|x86.ActiveCfg = Release|Any CPU
		{9E635804-0422-40BB-8F5C-303853A9CE3D}.Ad-Hoc|x86.Build.0 = Release|Any CPU
		{9E635804-0422-40BB-8F5C-303853A9CE3D}.AppStore|Any CPU.ActiveCfg = Release|Any CPU
		{9E635804-0422-40BB-8F5C-303853A9CE3D}.AppStore|Any CPU.Build.0 = Release|Any CPU
		{9E635804-0422-40BB-8F5C-303853A9CE3D}.AppStore|ARM.ActiveCfg = Release|Any CPU
		{9E635804-0422-40BB-8F5C-303853A9CE3D}.AppStore|ARM.Build.0 = Release|Any CPU
		{9E635804-0422-40BB-8F5C-303853A9CE3D}.AppStore|iPhone.ActiveCfg = Release|Any CPU
		{9E635804-0422-40BB-8F5C-303853A9CE3D}.AppStore|iPhone.Build.0 = Release|Any CPU
		{9E635804-0422-40BB-8F5C-303853A9CE3D}.AppStore|iPhoneSimulator.ActiveCfg = Release|Any CPU
		{9E635804-0422-40BB-8F5C-303853A9CE3D}.AppStore|iPhoneSimulator.Build.0 = Release|Any CPU
		{9E635804-0422-40BB-8F5C-303853A9CE3D}.AppStore|x64.ActiveCfg = Debug|Any CPU
		{9E635804-0422-40BB-8F5C-303853A9CE3D}.AppStore|x64.Build.0 = Debug|Any CPU
		{9E635804-0422-40BB-8F5C-303853A9CE3D}.AppStore|x86.ActiveCfg = Release|Any CPU
		{9E635804-0422-40BB-8F5C-303853A9CE3D}.AppStore|x86.Build.0 = Release|Any CPU
		{9E635804-0422-40BB-8F5C-303853A9CE3D}.Debug|Any CPU.ActiveCfg = Debug|Any CPU
		{9E635804-0422-40BB-8F5C-303853A9CE3D}.Debug|Any CPU.Build.0 = Debug|Any CPU
		{9E635804-0422-40BB-8F5C-303853A9CE3D}.Debug|ARM.ActiveCfg = Debug|Any CPU
		{9E635804-0422-40BB-8F5C-303853A9CE3D}.Debug|ARM.Build.0 = Debug|Any CPU
		{9E635804-0422-40BB-8F5C-303853A9CE3D}.Debug|iPhone.ActiveCfg = Debug|Any CPU
		{9E635804-0422-40BB-8F5C-303853A9CE3D}.Debug|iPhone.Build.0 = Debug|Any CPU
		{9E635804-0422-40BB-8F5C-303853A9CE3D}.Debug|iPhoneSimulator.ActiveCfg = Debug|Any CPU
		{9E635804-0422-40BB-8F5C-303853A9CE3D}.Debug|iPhoneSimulator.Build.0 = Debug|Any CPU
		{9E635804-0422-40BB-8F5C-303853A9CE3D}.Debug|x64.ActiveCfg = Debug|Any CPU
		{9E635804-0422-40BB-8F5C-303853A9CE3D}.Debug|x64.Build.0 = Debug|Any CPU
		{9E635804-0422-40BB-8F5C-303853A9CE3D}.Debug|x86.ActiveCfg = Debug|Any CPU
		{9E635804-0422-40BB-8F5C-303853A9CE3D}.Debug|x86.Build.0 = Debug|Any CPU
		{9E635804-0422-40BB-8F5C-303853A9CE3D}.Release|Any CPU.ActiveCfg = Release|Any CPU
		{9E635804-0422-40BB-8F5C-303853A9CE3D}.Release|Any CPU.Build.0 = Release|Any CPU
		{9E635804-0422-40BB-8F5C-303853A9CE3D}.Release|ARM.ActiveCfg = Release|Any CPU
		{9E635804-0422-40BB-8F5C-303853A9CE3D}.Release|ARM.Build.0 = Release|Any CPU
		{9E635804-0422-40BB-8F5C-303853A9CE3D}.Release|iPhone.ActiveCfg = Release|Any CPU
		{9E635804-0422-40BB-8F5C-303853A9CE3D}.Release|iPhone.Build.0 = Release|Any CPU
		{9E635804-0422-40BB-8F5C-303853A9CE3D}.Release|iPhoneSimulator.ActiveCfg = Release|Any CPU
		{9E635804-0422-40BB-8F5C-303853A9CE3D}.Release|iPhoneSimulator.Build.0 = Release|Any CPU
		{9E635804-0422-40BB-8F5C-303853A9CE3D}.Release|x64.ActiveCfg = Release|Any CPU
		{9E635804-0422-40BB-8F5C-303853A9CE3D}.Release|x64.Build.0 = Release|Any CPU
		{9E635804-0422-40BB-8F5C-303853A9CE3D}.Release|x86.ActiveCfg = Release|Any CPU
		{9E635804-0422-40BB-8F5C-303853A9CE3D}.Release|x86.Build.0 = Release|Any CPU
		{616D802D-93AA-4FB3-B7AA-DAC1A38943E0}.Ad-Hoc|Any CPU.ActiveCfg = Release|Any CPU
		{616D802D-93AA-4FB3-B7AA-DAC1A38943E0}.Ad-Hoc|Any CPU.Build.0 = Release|Any CPU
		{616D802D-93AA-4FB3-B7AA-DAC1A38943E0}.Ad-Hoc|ARM.ActiveCfg = Release|Any CPU
		{616D802D-93AA-4FB3-B7AA-DAC1A38943E0}.Ad-Hoc|ARM.Build.0 = Release|Any CPU
		{616D802D-93AA-4FB3-B7AA-DAC1A38943E0}.Ad-Hoc|iPhone.ActiveCfg = Release|Any CPU
		{616D802D-93AA-4FB3-B7AA-DAC1A38943E0}.Ad-Hoc|iPhone.Build.0 = Release|Any CPU
		{616D802D-93AA-4FB3-B7AA-DAC1A38943E0}.Ad-Hoc|iPhoneSimulator.ActiveCfg = Release|Any CPU
		{616D802D-93AA-4FB3-B7AA-DAC1A38943E0}.Ad-Hoc|iPhoneSimulator.Build.0 = Release|Any CPU
		{616D802D-93AA-4FB3-B7AA-DAC1A38943E0}.Ad-Hoc|x64.ActiveCfg = Debug|Any CPU
		{616D802D-93AA-4FB3-B7AA-DAC1A38943E0}.Ad-Hoc|x64.Build.0 = Debug|Any CPU
		{616D802D-93AA-4FB3-B7AA-DAC1A38943E0}.Ad-Hoc|x86.ActiveCfg = Release|Any CPU
		{616D802D-93AA-4FB3-B7AA-DAC1A38943E0}.Ad-Hoc|x86.Build.0 = Release|Any CPU
		{616D802D-93AA-4FB3-B7AA-DAC1A38943E0}.AppStore|Any CPU.ActiveCfg = Release|Any CPU
		{616D802D-93AA-4FB3-B7AA-DAC1A38943E0}.AppStore|Any CPU.Build.0 = Release|Any CPU
		{616D802D-93AA-4FB3-B7AA-DAC1A38943E0}.AppStore|ARM.ActiveCfg = Release|Any CPU
		{616D802D-93AA-4FB3-B7AA-DAC1A38943E0}.AppStore|ARM.Build.0 = Release|Any CPU
		{616D802D-93AA-4FB3-B7AA-DAC1A38943E0}.AppStore|iPhone.ActiveCfg = Release|Any CPU
		{616D802D-93AA-4FB3-B7AA-DAC1A38943E0}.AppStore|iPhone.Build.0 = Release|Any CPU
		{616D802D-93AA-4FB3-B7AA-DAC1A38943E0}.AppStore|iPhoneSimulator.ActiveCfg = Release|Any CPU
		{616D802D-93AA-4FB3-B7AA-DAC1A38943E0}.AppStore|iPhoneSimulator.Build.0 = Release|Any CPU
		{616D802D-93AA-4FB3-B7AA-DAC1A38943E0}.AppStore|x64.ActiveCfg = Debug|Any CPU
		{616D802D-93AA-4FB3-B7AA-DAC1A38943E0}.AppStore|x64.Build.0 = Debug|Any CPU
		{616D802D-93AA-4FB3-B7AA-DAC1A38943E0}.AppStore|x86.ActiveCfg = Release|Any CPU
		{616D802D-93AA-4FB3-B7AA-DAC1A38943E0}.AppStore|x86.Build.0 = Release|Any CPU
		{616D802D-93AA-4FB3-B7AA-DAC1A38943E0}.Debug|Any CPU.ActiveCfg = Debug|Any CPU
		{616D802D-93AA-4FB3-B7AA-DAC1A38943E0}.Debug|Any CPU.Build.0 = Debug|Any CPU
		{616D802D-93AA-4FB3-B7AA-DAC1A38943E0}.Debug|ARM.ActiveCfg = Debug|Any CPU
		{616D802D-93AA-4FB3-B7AA-DAC1A38943E0}.Debug|ARM.Build.0 = Debug|Any CPU
		{616D802D-93AA-4FB3-B7AA-DAC1A38943E0}.Debug|iPhone.ActiveCfg = Debug|Any CPU
		{616D802D-93AA-4FB3-B7AA-DAC1A38943E0}.Debug|iPhone.Build.0 = Debug|Any CPU
		{616D802D-93AA-4FB3-B7AA-DAC1A38943E0}.Debug|iPhoneSimulator.ActiveCfg = Debug|Any CPU
		{616D802D-93AA-4FB3-B7AA-DAC1A38943E0}.Debug|iPhoneSimulator.Build.0 = Debug|Any CPU
		{616D802D-93AA-4FB3-B7AA-DAC1A38943E0}.Debug|x64.ActiveCfg = Debug|Any CPU
		{616D802D-93AA-4FB3-B7AA-DAC1A38943E0}.Debug|x64.Build.0 = Debug|Any CPU
		{616D802D-93AA-4FB3-B7AA-DAC1A38943E0}.Debug|x86.ActiveCfg = Debug|Any CPU
		{616D802D-93AA-4FB3-B7AA-DAC1A38943E0}.Debug|x86.Build.0 = Debug|Any CPU
		{616D802D-93AA-4FB3-B7AA-DAC1A38943E0}.Release|Any CPU.ActiveCfg = Release|Any CPU
		{616D802D-93AA-4FB3-B7AA-DAC1A38943E0}.Release|Any CPU.Build.0 = Release|Any CPU
		{616D802D-93AA-4FB3-B7AA-DAC1A38943E0}.Release|ARM.ActiveCfg = Release|Any CPU
		{616D802D-93AA-4FB3-B7AA-DAC1A38943E0}.Release|ARM.Build.0 = Release|Any CPU
		{616D802D-93AA-4FB3-B7AA-DAC1A38943E0}.Release|iPhone.ActiveCfg = Release|Any CPU
		{616D802D-93AA-4FB3-B7AA-DAC1A38943E0}.Release|iPhone.Build.0 = Release|Any CPU
		{616D802D-93AA-4FB3-B7AA-DAC1A38943E0}.Release|iPhoneSimulator.ActiveCfg = Release|Any CPU
		{616D802D-93AA-4FB3-B7AA-DAC1A38943E0}.Release|iPhoneSimulator.Build.0 = Release|Any CPU
		{616D802D-93AA-4FB3-B7AA-DAC1A38943E0}.Release|x64.ActiveCfg = Release|Any CPU
		{616D802D-93AA-4FB3-B7AA-DAC1A38943E0}.Release|x64.Build.0 = Release|Any CPU
		{616D802D-93AA-4FB3-B7AA-DAC1A38943E0}.Release|x86.ActiveCfg = Release|Any CPU
		{616D802D-93AA-4FB3-B7AA-DAC1A38943E0}.Release|x86.Build.0 = Release|Any CPU
		{93A4EB5A-15AF-4EB3-95EB-657374397A38}.Ad-Hoc|Any CPU.ActiveCfg = Release|Any CPU
		{93A4EB5A-15AF-4EB3-95EB-657374397A38}.Ad-Hoc|Any CPU.Build.0 = Release|Any CPU
		{93A4EB5A-15AF-4EB3-95EB-657374397A38}.Ad-Hoc|ARM.ActiveCfg = Release|Any CPU
		{93A4EB5A-15AF-4EB3-95EB-657374397A38}.Ad-Hoc|ARM.Build.0 = Release|Any CPU
		{93A4EB5A-15AF-4EB3-95EB-657374397A38}.Ad-Hoc|iPhone.ActiveCfg = Release|Any CPU
		{93A4EB5A-15AF-4EB3-95EB-657374397A38}.Ad-Hoc|iPhone.Build.0 = Release|Any CPU
		{93A4EB5A-15AF-4EB3-95EB-657374397A38}.Ad-Hoc|iPhoneSimulator.ActiveCfg = Release|Any CPU
		{93A4EB5A-15AF-4EB3-95EB-657374397A38}.Ad-Hoc|iPhoneSimulator.Build.0 = Release|Any CPU
		{93A4EB5A-15AF-4EB3-95EB-657374397A38}.Ad-Hoc|x64.ActiveCfg = Debug|Any CPU
		{93A4EB5A-15AF-4EB3-95EB-657374397A38}.Ad-Hoc|x64.Build.0 = Debug|Any CPU
		{93A4EB5A-15AF-4EB3-95EB-657374397A38}.Ad-Hoc|x86.ActiveCfg = Release|Any CPU
		{93A4EB5A-15AF-4EB3-95EB-657374397A38}.Ad-Hoc|x86.Build.0 = Release|Any CPU
		{93A4EB5A-15AF-4EB3-95EB-657374397A38}.AppStore|Any CPU.ActiveCfg = Release|Any CPU
		{93A4EB5A-15AF-4EB3-95EB-657374397A38}.AppStore|Any CPU.Build.0 = Release|Any CPU
		{93A4EB5A-15AF-4EB3-95EB-657374397A38}.AppStore|ARM.ActiveCfg = Release|Any CPU
		{93A4EB5A-15AF-4EB3-95EB-657374397A38}.AppStore|ARM.Build.0 = Release|Any CPU
		{93A4EB5A-15AF-4EB3-95EB-657374397A38}.AppStore|iPhone.ActiveCfg = Release|Any CPU
		{93A4EB5A-15AF-4EB3-95EB-657374397A38}.AppStore|iPhone.Build.0 = Release|Any CPU
		{93A4EB5A-15AF-4EB3-95EB-657374397A38}.AppStore|iPhoneSimulator.ActiveCfg = Release|Any CPU
		{93A4EB5A-15AF-4EB3-95EB-657374397A38}.AppStore|iPhoneSimulator.Build.0 = Release|Any CPU
		{93A4EB5A-15AF-4EB3-95EB-657374397A38}.AppStore|x64.ActiveCfg = Debug|Any CPU
		{93A4EB5A-15AF-4EB3-95EB-657374397A38}.AppStore|x64.Build.0 = Debug|Any CPU
		{93A4EB5A-15AF-4EB3-95EB-657374397A38}.AppStore|x86.ActiveCfg = Release|Any CPU
		{93A4EB5A-15AF-4EB3-95EB-657374397A38}.AppStore|x86.Build.0 = Release|Any CPU
		{93A4EB5A-15AF-4EB3-95EB-657374397A38}.Debug|Any CPU.ActiveCfg = Debug|Any CPU
		{93A4EB5A-15AF-4EB3-95EB-657374397A38}.Debug|Any CPU.Build.0 = Debug|Any CPU
		{93A4EB5A-15AF-4EB3-95EB-657374397A38}.Debug|ARM.ActiveCfg = Debug|Any CPU
		{93A4EB5A-15AF-4EB3-95EB-657374397A38}.Debug|ARM.Build.0 = Debug|Any CPU
		{93A4EB5A-15AF-4EB3-95EB-657374397A38}.Debug|iPhone.ActiveCfg = Debug|Any CPU
		{93A4EB5A-15AF-4EB3-95EB-657374397A38}.Debug|iPhone.Build.0 = Debug|Any CPU
		{93A4EB5A-15AF-4EB3-95EB-657374397A38}.Debug|iPhoneSimulator.ActiveCfg = Debug|Any CPU
		{93A4EB5A-15AF-4EB3-95EB-657374397A38}.Debug|iPhoneSimulator.Build.0 = Debug|Any CPU
		{93A4EB5A-15AF-4EB3-95EB-657374397A38}.Debug|x64.ActiveCfg = Debug|Any CPU
		{93A4EB5A-15AF-4EB3-95EB-657374397A38}.Debug|x64.Build.0 = Debug|Any CPU
		{93A4EB5A-15AF-4EB3-95EB-657374397A38}.Debug|x86.ActiveCfg = Debug|Any CPU
		{93A4EB5A-15AF-4EB3-95EB-657374397A38}.Debug|x86.Build.0 = Debug|Any CPU
		{93A4EB5A-15AF-4EB3-95EB-657374397A38}.Release|Any CPU.ActiveCfg = Release|Any CPU
		{93A4EB5A-15AF-4EB3-95EB-657374397A38}.Release|Any CPU.Build.0 = Release|Any CPU
		{93A4EB5A-15AF-4EB3-95EB-657374397A38}.Release|ARM.ActiveCfg = Release|Any CPU
		{93A4EB5A-15AF-4EB3-95EB-657374397A38}.Release|ARM.Build.0 = Release|Any CPU
		{93A4EB5A-15AF-4EB3-95EB-657374397A38}.Release|iPhone.ActiveCfg = Release|Any CPU
		{93A4EB5A-15AF-4EB3-95EB-657374397A38}.Release|iPhone.Build.0 = Release|Any CPU
		{93A4EB5A-15AF-4EB3-95EB-657374397A38}.Release|iPhoneSimulator.ActiveCfg = Release|Any CPU
		{93A4EB5A-15AF-4EB3-95EB-657374397A38}.Release|iPhoneSimulator.Build.0 = Release|Any CPU
		{93A4EB5A-15AF-4EB3-95EB-657374397A38}.Release|x64.ActiveCfg = Release|Any CPU
		{93A4EB5A-15AF-4EB3-95EB-657374397A38}.Release|x64.Build.0 = Release|Any CPU
		{93A4EB5A-15AF-4EB3-95EB-657374397A38}.Release|x86.ActiveCfg = Release|Any CPU
		{93A4EB5A-15AF-4EB3-95EB-657374397A38}.Release|x86.Build.0 = Release|Any CPU
		{F828DBAB-31DA-44E2-A50F-4D24A87644C2}.Ad-Hoc|Any CPU.ActiveCfg = Release|Any CPU
		{F828DBAB-31DA-44E2-A50F-4D24A87644C2}.Ad-Hoc|Any CPU.Build.0 = Release|Any CPU
		{F828DBAB-31DA-44E2-A50F-4D24A87644C2}.Ad-Hoc|ARM.ActiveCfg = Release|Any CPU
		{F828DBAB-31DA-44E2-A50F-4D24A87644C2}.Ad-Hoc|ARM.Build.0 = Release|Any CPU
		{F828DBAB-31DA-44E2-A50F-4D24A87644C2}.Ad-Hoc|iPhone.ActiveCfg = Release|Any CPU
		{F828DBAB-31DA-44E2-A50F-4D24A87644C2}.Ad-Hoc|iPhone.Build.0 = Release|Any CPU
		{F828DBAB-31DA-44E2-A50F-4D24A87644C2}.Ad-Hoc|iPhoneSimulator.ActiveCfg = Release|Any CPU
		{F828DBAB-31DA-44E2-A50F-4D24A87644C2}.Ad-Hoc|iPhoneSimulator.Build.0 = Release|Any CPU
		{F828DBAB-31DA-44E2-A50F-4D24A87644C2}.Ad-Hoc|x64.ActiveCfg = Debug|Any CPU
		{F828DBAB-31DA-44E2-A50F-4D24A87644C2}.Ad-Hoc|x64.Build.0 = Debug|Any CPU
		{F828DBAB-31DA-44E2-A50F-4D24A87644C2}.Ad-Hoc|x86.ActiveCfg = Release|Any CPU
		{F828DBAB-31DA-44E2-A50F-4D24A87644C2}.Ad-Hoc|x86.Build.0 = Release|Any CPU
		{F828DBAB-31DA-44E2-A50F-4D24A87644C2}.AppStore|Any CPU.ActiveCfg = Release|Any CPU
		{F828DBAB-31DA-44E2-A50F-4D24A87644C2}.AppStore|Any CPU.Build.0 = Release|Any CPU
		{F828DBAB-31DA-44E2-A50F-4D24A87644C2}.AppStore|ARM.ActiveCfg = Release|Any CPU
		{F828DBAB-31DA-44E2-A50F-4D24A87644C2}.AppStore|ARM.Build.0 = Release|Any CPU
		{F828DBAB-31DA-44E2-A50F-4D24A87644C2}.AppStore|iPhone.ActiveCfg = Release|Any CPU
		{F828DBAB-31DA-44E2-A50F-4D24A87644C2}.AppStore|iPhone.Build.0 = Release|Any CPU
		{F828DBAB-31DA-44E2-A50F-4D24A87644C2}.AppStore|iPhoneSimulator.ActiveCfg = Release|Any CPU
		{F828DBAB-31DA-44E2-A50F-4D24A87644C2}.AppStore|iPhoneSimulator.Build.0 = Release|Any CPU
		{F828DBAB-31DA-44E2-A50F-4D24A87644C2}.AppStore|x64.ActiveCfg = Debug|Any CPU
		{F828DBAB-31DA-44E2-A50F-4D24A87644C2}.AppStore|x64.Build.0 = Debug|Any CPU
		{F828DBAB-31DA-44E2-A50F-4D24A87644C2}.AppStore|x86.ActiveCfg = Release|Any CPU
		{F828DBAB-31DA-44E2-A50F-4D24A87644C2}.AppStore|x86.Build.0 = Release|Any CPU
		{F828DBAB-31DA-44E2-A50F-4D24A87644C2}.Debug|Any CPU.ActiveCfg = Debug|Any CPU
		{F828DBAB-31DA-44E2-A50F-4D24A87644C2}.Debug|Any CPU.Build.0 = Debug|Any CPU
		{F828DBAB-31DA-44E2-A50F-4D24A87644C2}.Debug|ARM.ActiveCfg = Debug|Any CPU
		{F828DBAB-31DA-44E2-A50F-4D24A87644C2}.Debug|ARM.Build.0 = Debug|Any CPU
		{F828DBAB-31DA-44E2-A50F-4D24A87644C2}.Debug|iPhone.ActiveCfg = Debug|Any CPU
		{F828DBAB-31DA-44E2-A50F-4D24A87644C2}.Debug|iPhone.Build.0 = Debug|Any CPU
		{F828DBAB-31DA-44E2-A50F-4D24A87644C2}.Debug|iPhoneSimulator.ActiveCfg = Debug|Any CPU
		{F828DBAB-31DA-44E2-A50F-4D24A87644C2}.Debug|iPhoneSimulator.Build.0 = Debug|Any CPU
		{F828DBAB-31DA-44E2-A50F-4D24A87644C2}.Debug|x64.ActiveCfg = Debug|Any CPU
		{F828DBAB-31DA-44E2-A50F-4D24A87644C2}.Debug|x64.Build.0 = Debug|Any CPU
		{F828DBAB-31DA-44E2-A50F-4D24A87644C2}.Debug|x86.ActiveCfg = Debug|Any CPU
		{F828DBAB-31DA-44E2-A50F-4D24A87644C2}.Debug|x86.Build.0 = Debug|Any CPU
		{F828DBAB-31DA-44E2-A50F-4D24A87644C2}.Release|Any CPU.ActiveCfg = Release|Any CPU
		{F828DBAB-31DA-44E2-A50F-4D24A87644C2}.Release|Any CPU.Build.0 = Release|Any CPU
		{F828DBAB-31DA-44E2-A50F-4D24A87644C2}.Release|ARM.ActiveCfg = Release|Any CPU
		{F828DBAB-31DA-44E2-A50F-4D24A87644C2}.Release|ARM.Build.0 = Release|Any CPU
		{F828DBAB-31DA-44E2-A50F-4D24A87644C2}.Release|iPhone.ActiveCfg = Release|Any CPU
		{F828DBAB-31DA-44E2-A50F-4D24A87644C2}.Release|iPhone.Build.0 = Release|Any CPU
		{F828DBAB-31DA-44E2-A50F-4D24A87644C2}.Release|iPhoneSimulator.ActiveCfg = Release|Any CPU
		{F828DBAB-31DA-44E2-A50F-4D24A87644C2}.Release|iPhoneSimulator.Build.0 = Release|Any CPU
		{F828DBAB-31DA-44E2-A50F-4D24A87644C2}.Release|x64.ActiveCfg = Release|Any CPU
		{F828DBAB-31DA-44E2-A50F-4D24A87644C2}.Release|x64.Build.0 = Release|Any CPU
		{F828DBAB-31DA-44E2-A50F-4D24A87644C2}.Release|x86.ActiveCfg = Release|Any CPU
		{F828DBAB-31DA-44E2-A50F-4D24A87644C2}.Release|x86.Build.0 = Release|Any CPU
		{99AF4877-02DF-4DAE-A524-4056BAE82614}.Ad-Hoc|Any CPU.ActiveCfg = Release|Any CPU
		{99AF4877-02DF-4DAE-A524-4056BAE82614}.Ad-Hoc|Any CPU.Build.0 = Release|Any CPU
		{99AF4877-02DF-4DAE-A524-4056BAE82614}.Ad-Hoc|ARM.ActiveCfg = Release|Any CPU
		{99AF4877-02DF-4DAE-A524-4056BAE82614}.Ad-Hoc|ARM.Build.0 = Release|Any CPU
		{99AF4877-02DF-4DAE-A524-4056BAE82614}.Ad-Hoc|iPhone.ActiveCfg = Release|Any CPU
		{99AF4877-02DF-4DAE-A524-4056BAE82614}.Ad-Hoc|iPhone.Build.0 = Release|Any CPU
		{99AF4877-02DF-4DAE-A524-4056BAE82614}.Ad-Hoc|iPhoneSimulator.ActiveCfg = Release|Any CPU
		{99AF4877-02DF-4DAE-A524-4056BAE82614}.Ad-Hoc|iPhoneSimulator.Build.0 = Release|Any CPU
		{99AF4877-02DF-4DAE-A524-4056BAE82614}.Ad-Hoc|x64.ActiveCfg = Release|Any CPU
		{99AF4877-02DF-4DAE-A524-4056BAE82614}.Ad-Hoc|x64.Build.0 = Release|Any CPU
		{99AF4877-02DF-4DAE-A524-4056BAE82614}.Ad-Hoc|x86.ActiveCfg = Release|Any CPU
		{99AF4877-02DF-4DAE-A524-4056BAE82614}.Ad-Hoc|x86.Build.0 = Release|Any CPU
		{99AF4877-02DF-4DAE-A524-4056BAE82614}.AppStore|Any CPU.ActiveCfg = Release|Any CPU
		{99AF4877-02DF-4DAE-A524-4056BAE82614}.AppStore|Any CPU.Build.0 = Release|Any CPU
		{99AF4877-02DF-4DAE-A524-4056BAE82614}.AppStore|ARM.ActiveCfg = Release|Any CPU
		{99AF4877-02DF-4DAE-A524-4056BAE82614}.AppStore|ARM.Build.0 = Release|Any CPU
		{99AF4877-02DF-4DAE-A524-4056BAE82614}.AppStore|iPhone.ActiveCfg = Release|Any CPU
		{99AF4877-02DF-4DAE-A524-4056BAE82614}.AppStore|iPhone.Build.0 = Release|Any CPU
		{99AF4877-02DF-4DAE-A524-4056BAE82614}.AppStore|iPhoneSimulator.ActiveCfg = Release|Any CPU
		{99AF4877-02DF-4DAE-A524-4056BAE82614}.AppStore|iPhoneSimulator.Build.0 = Release|Any CPU
		{99AF4877-02DF-4DAE-A524-4056BAE82614}.AppStore|x64.ActiveCfg = Release|Any CPU
		{99AF4877-02DF-4DAE-A524-4056BAE82614}.AppStore|x64.Build.0 = Release|Any CPU
		{99AF4877-02DF-4DAE-A524-4056BAE82614}.AppStore|x86.ActiveCfg = Release|Any CPU
		{99AF4877-02DF-4DAE-A524-4056BAE82614}.AppStore|x86.Build.0 = Release|Any CPU
		{99AF4877-02DF-4DAE-A524-4056BAE82614}.Debug|Any CPU.ActiveCfg = Debug|Any CPU
		{99AF4877-02DF-4DAE-A524-4056BAE82614}.Debug|Any CPU.Build.0 = Debug|Any CPU
		{99AF4877-02DF-4DAE-A524-4056BAE82614}.Debug|ARM.ActiveCfg = Debug|Any CPU
		{99AF4877-02DF-4DAE-A524-4056BAE82614}.Debug|ARM.Build.0 = Debug|Any CPU
		{99AF4877-02DF-4DAE-A524-4056BAE82614}.Debug|iPhone.ActiveCfg = Debug|Any CPU
		{99AF4877-02DF-4DAE-A524-4056BAE82614}.Debug|iPhone.Build.0 = Debug|Any CPU
		{99AF4877-02DF-4DAE-A524-4056BAE82614}.Debug|iPhoneSimulator.ActiveCfg = Debug|Any CPU
		{99AF4877-02DF-4DAE-A524-4056BAE82614}.Debug|iPhoneSimulator.Build.0 = Debug|Any CPU
		{99AF4877-02DF-4DAE-A524-4056BAE82614}.Debug|x64.ActiveCfg = Debug|Any CPU
		{99AF4877-02DF-4DAE-A524-4056BAE82614}.Debug|x64.Build.0 = Debug|Any CPU
		{99AF4877-02DF-4DAE-A524-4056BAE82614}.Debug|x86.ActiveCfg = Debug|Any CPU
		{99AF4877-02DF-4DAE-A524-4056BAE82614}.Debug|x86.Build.0 = Debug|Any CPU
		{99AF4877-02DF-4DAE-A524-4056BAE82614}.Release|Any CPU.ActiveCfg = Release|Any CPU
		{99AF4877-02DF-4DAE-A524-4056BAE82614}.Release|Any CPU.Build.0 = Release|Any CPU
		{99AF4877-02DF-4DAE-A524-4056BAE82614}.Release|ARM.ActiveCfg = Release|Any CPU
		{99AF4877-02DF-4DAE-A524-4056BAE82614}.Release|ARM.Build.0 = Release|Any CPU
		{99AF4877-02DF-4DAE-A524-4056BAE82614}.Release|iPhone.ActiveCfg = Release|Any CPU
		{99AF4877-02DF-4DAE-A524-4056BAE82614}.Release|iPhone.Build.0 = Release|Any CPU
		{99AF4877-02DF-4DAE-A524-4056BAE82614}.Release|iPhoneSimulator.ActiveCfg = Release|Any CPU
		{99AF4877-02DF-4DAE-A524-4056BAE82614}.Release|iPhoneSimulator.Build.0 = Release|Any CPU
		{99AF4877-02DF-4DAE-A524-4056BAE82614}.Release|x64.ActiveCfg = Release|Any CPU
		{99AF4877-02DF-4DAE-A524-4056BAE82614}.Release|x64.Build.0 = Release|Any CPU
		{99AF4877-02DF-4DAE-A524-4056BAE82614}.Release|x86.ActiveCfg = Release|Any CPU
		{99AF4877-02DF-4DAE-A524-4056BAE82614}.Release|x86.Build.0 = Release|Any CPU
		{E81F50D5-95C3-4D5A-9397-F79946912B5D}.Ad-Hoc|Any CPU.ActiveCfg = Release|Any CPU
		{E81F50D5-95C3-4D5A-9397-F79946912B5D}.Ad-Hoc|Any CPU.Build.0 = Release|Any CPU
		{E81F50D5-95C3-4D5A-9397-F79946912B5D}.Ad-Hoc|ARM.ActiveCfg = Release|Any CPU
		{E81F50D5-95C3-4D5A-9397-F79946912B5D}.Ad-Hoc|ARM.Build.0 = Release|Any CPU
		{E81F50D5-95C3-4D5A-9397-F79946912B5D}.Ad-Hoc|iPhone.ActiveCfg = Release|Any CPU
		{E81F50D5-95C3-4D5A-9397-F79946912B5D}.Ad-Hoc|iPhone.Build.0 = Release|Any CPU
		{E81F50D5-95C3-4D5A-9397-F79946912B5D}.Ad-Hoc|iPhoneSimulator.ActiveCfg = Release|Any CPU
		{E81F50D5-95C3-4D5A-9397-F79946912B5D}.Ad-Hoc|iPhoneSimulator.Build.0 = Release|Any CPU
		{E81F50D5-95C3-4D5A-9397-F79946912B5D}.Ad-Hoc|x64.ActiveCfg = Release|Any CPU
		{E81F50D5-95C3-4D5A-9397-F79946912B5D}.Ad-Hoc|x64.Build.0 = Release|Any CPU
		{E81F50D5-95C3-4D5A-9397-F79946912B5D}.Ad-Hoc|x86.ActiveCfg = Release|Any CPU
		{E81F50D5-95C3-4D5A-9397-F79946912B5D}.Ad-Hoc|x86.Build.0 = Release|Any CPU
		{E81F50D5-95C3-4D5A-9397-F79946912B5D}.AppStore|Any CPU.ActiveCfg = Release|Any CPU
		{E81F50D5-95C3-4D5A-9397-F79946912B5D}.AppStore|Any CPU.Build.0 = Release|Any CPU
		{E81F50D5-95C3-4D5A-9397-F79946912B5D}.AppStore|ARM.ActiveCfg = Release|Any CPU
		{E81F50D5-95C3-4D5A-9397-F79946912B5D}.AppStore|ARM.Build.0 = Release|Any CPU
		{E81F50D5-95C3-4D5A-9397-F79946912B5D}.AppStore|iPhone.ActiveCfg = Release|Any CPU
		{E81F50D5-95C3-4D5A-9397-F79946912B5D}.AppStore|iPhone.Build.0 = Release|Any CPU
		{E81F50D5-95C3-4D5A-9397-F79946912B5D}.AppStore|iPhoneSimulator.ActiveCfg = Release|Any CPU
		{E81F50D5-95C3-4D5A-9397-F79946912B5D}.AppStore|iPhoneSimulator.Build.0 = Release|Any CPU
		{E81F50D5-95C3-4D5A-9397-F79946912B5D}.AppStore|x64.ActiveCfg = Release|Any CPU
		{E81F50D5-95C3-4D5A-9397-F79946912B5D}.AppStore|x64.Build.0 = Release|Any CPU
		{E81F50D5-95C3-4D5A-9397-F79946912B5D}.AppStore|x86.ActiveCfg = Release|Any CPU
		{E81F50D5-95C3-4D5A-9397-F79946912B5D}.AppStore|x86.Build.0 = Release|Any CPU
		{E81F50D5-95C3-4D5A-9397-F79946912B5D}.Debug|Any CPU.ActiveCfg = Debug|Any CPU
		{E81F50D5-95C3-4D5A-9397-F79946912B5D}.Debug|Any CPU.Build.0 = Debug|Any CPU
		{E81F50D5-95C3-4D5A-9397-F79946912B5D}.Debug|ARM.ActiveCfg = Debug|Any CPU
		{E81F50D5-95C3-4D5A-9397-F79946912B5D}.Debug|ARM.Build.0 = Debug|Any CPU
		{E81F50D5-95C3-4D5A-9397-F79946912B5D}.Debug|iPhone.ActiveCfg = Debug|Any CPU
		{E81F50D5-95C3-4D5A-9397-F79946912B5D}.Debug|iPhone.Build.0 = Debug|Any CPU
		{E81F50D5-95C3-4D5A-9397-F79946912B5D}.Debug|iPhoneSimulator.ActiveCfg = Debug|Any CPU
		{E81F50D5-95C3-4D5A-9397-F79946912B5D}.Debug|iPhoneSimulator.Build.0 = Debug|Any CPU
		{E81F50D5-95C3-4D5A-9397-F79946912B5D}.Debug|x64.ActiveCfg = Debug|Any CPU
		{E81F50D5-95C3-4D5A-9397-F79946912B5D}.Debug|x64.Build.0 = Debug|Any CPU
		{E81F50D5-95C3-4D5A-9397-F79946912B5D}.Debug|x86.ActiveCfg = Debug|Any CPU
		{E81F50D5-95C3-4D5A-9397-F79946912B5D}.Debug|x86.Build.0 = Debug|Any CPU
		{E81F50D5-95C3-4D5A-9397-F79946912B5D}.Release|Any CPU.ActiveCfg = Release|Any CPU
		{E81F50D5-95C3-4D5A-9397-F79946912B5D}.Release|Any CPU.Build.0 = Release|Any CPU
		{E81F50D5-95C3-4D5A-9397-F79946912B5D}.Release|ARM.ActiveCfg = Release|Any CPU
		{E81F50D5-95C3-4D5A-9397-F79946912B5D}.Release|ARM.Build.0 = Release|Any CPU
		{E81F50D5-95C3-4D5A-9397-F79946912B5D}.Release|iPhone.ActiveCfg = Release|Any CPU
		{E81F50D5-95C3-4D5A-9397-F79946912B5D}.Release|iPhone.Build.0 = Release|Any CPU
		{E81F50D5-95C3-4D5A-9397-F79946912B5D}.Release|iPhoneSimulator.ActiveCfg = Release|Any CPU
		{E81F50D5-95C3-4D5A-9397-F79946912B5D}.Release|iPhoneSimulator.Build.0 = Release|Any CPU
		{E81F50D5-95C3-4D5A-9397-F79946912B5D}.Release|x64.ActiveCfg = Release|Any CPU
		{E81F50D5-95C3-4D5A-9397-F79946912B5D}.Release|x64.Build.0 = Release|Any CPU
		{E81F50D5-95C3-4D5A-9397-F79946912B5D}.Release|x86.ActiveCfg = Release|Any CPU
		{E81F50D5-95C3-4D5A-9397-F79946912B5D}.Release|x86.Build.0 = Release|Any CPU
		{D9963397-2C19-4DCF-9926-F05DD43DD322}.Ad-Hoc|Any CPU.ActiveCfg = Release|Any CPU
		{D9963397-2C19-4DCF-9926-F05DD43DD322}.Ad-Hoc|Any CPU.Build.0 = Release|Any CPU
		{D9963397-2C19-4DCF-9926-F05DD43DD322}.Ad-Hoc|ARM.ActiveCfg = Release|Any CPU
		{D9963397-2C19-4DCF-9926-F05DD43DD322}.Ad-Hoc|ARM.Build.0 = Release|Any CPU
		{D9963397-2C19-4DCF-9926-F05DD43DD322}.Ad-Hoc|iPhone.ActiveCfg = Release|Any CPU
		{D9963397-2C19-4DCF-9926-F05DD43DD322}.Ad-Hoc|iPhone.Build.0 = Release|Any CPU
		{D9963397-2C19-4DCF-9926-F05DD43DD322}.Ad-Hoc|iPhoneSimulator.ActiveCfg = Release|Any CPU
		{D9963397-2C19-4DCF-9926-F05DD43DD322}.Ad-Hoc|iPhoneSimulator.Build.0 = Release|Any CPU
		{D9963397-2C19-4DCF-9926-F05DD43DD322}.Ad-Hoc|x64.ActiveCfg = Release|Any CPU
		{D9963397-2C19-4DCF-9926-F05DD43DD322}.Ad-Hoc|x64.Build.0 = Release|Any CPU
		{D9963397-2C19-4DCF-9926-F05DD43DD322}.Ad-Hoc|x86.ActiveCfg = Release|Any CPU
		{D9963397-2C19-4DCF-9926-F05DD43DD322}.Ad-Hoc|x86.Build.0 = Release|Any CPU
		{D9963397-2C19-4DCF-9926-F05DD43DD322}.AppStore|Any CPU.ActiveCfg = Release|Any CPU
		{D9963397-2C19-4DCF-9926-F05DD43DD322}.AppStore|Any CPU.Build.0 = Release|Any CPU
		{D9963397-2C19-4DCF-9926-F05DD43DD322}.AppStore|ARM.ActiveCfg = Release|Any CPU
		{D9963397-2C19-4DCF-9926-F05DD43DD322}.AppStore|ARM.Build.0 = Release|Any CPU
		{D9963397-2C19-4DCF-9926-F05DD43DD322}.AppStore|iPhone.ActiveCfg = Release|Any CPU
		{D9963397-2C19-4DCF-9926-F05DD43DD322}.AppStore|iPhone.Build.0 = Release|Any CPU
		{D9963397-2C19-4DCF-9926-F05DD43DD322}.AppStore|iPhoneSimulator.ActiveCfg = Release|Any CPU
		{D9963397-2C19-4DCF-9926-F05DD43DD322}.AppStore|iPhoneSimulator.Build.0 = Release|Any CPU
		{D9963397-2C19-4DCF-9926-F05DD43DD322}.AppStore|x64.ActiveCfg = Release|Any CPU
		{D9963397-2C19-4DCF-9926-F05DD43DD322}.AppStore|x64.Build.0 = Release|Any CPU
		{D9963397-2C19-4DCF-9926-F05DD43DD322}.AppStore|x86.ActiveCfg = Release|Any CPU
		{D9963397-2C19-4DCF-9926-F05DD43DD322}.AppStore|x86.Build.0 = Release|Any CPU
		{D9963397-2C19-4DCF-9926-F05DD43DD322}.Debug|Any CPU.ActiveCfg = Debug|Any CPU
		{D9963397-2C19-4DCF-9926-F05DD43DD322}.Debug|Any CPU.Build.0 = Debug|Any CPU
		{D9963397-2C19-4DCF-9926-F05DD43DD322}.Debug|ARM.ActiveCfg = Debug|Any CPU
		{D9963397-2C19-4DCF-9926-F05DD43DD322}.Debug|ARM.Build.0 = Debug|Any CPU
		{D9963397-2C19-4DCF-9926-F05DD43DD322}.Debug|iPhone.ActiveCfg = Debug|Any CPU
		{D9963397-2C19-4DCF-9926-F05DD43DD322}.Debug|iPhone.Build.0 = Debug|Any CPU
		{D9963397-2C19-4DCF-9926-F05DD43DD322}.Debug|iPhoneSimulator.ActiveCfg = Debug|Any CPU
		{D9963397-2C19-4DCF-9926-F05DD43DD322}.Debug|iPhoneSimulator.Build.0 = Debug|Any CPU
		{D9963397-2C19-4DCF-9926-F05DD43DD322}.Debug|x64.ActiveCfg = Debug|Any CPU
		{D9963397-2C19-4DCF-9926-F05DD43DD322}.Debug|x64.Build.0 = Debug|Any CPU
		{D9963397-2C19-4DCF-9926-F05DD43DD322}.Debug|x86.ActiveCfg = Debug|Any CPU
		{D9963397-2C19-4DCF-9926-F05DD43DD322}.Debug|x86.Build.0 = Debug|Any CPU
		{D9963397-2C19-4DCF-9926-F05DD43DD322}.Release|Any CPU.ActiveCfg = Release|Any CPU
		{D9963397-2C19-4DCF-9926-F05DD43DD322}.Release|Any CPU.Build.0 = Release|Any CPU
		{D9963397-2C19-4DCF-9926-F05DD43DD322}.Release|ARM.ActiveCfg = Release|Any CPU
		{D9963397-2C19-4DCF-9926-F05DD43DD322}.Release|ARM.Build.0 = Release|Any CPU
		{D9963397-2C19-4DCF-9926-F05DD43DD322}.Release|iPhone.ActiveCfg = Release|Any CPU
		{D9963397-2C19-4DCF-9926-F05DD43DD322}.Release|iPhone.Build.0 = Release|Any CPU
		{D9963397-2C19-4DCF-9926-F05DD43DD322}.Release|iPhoneSimulator.ActiveCfg = Release|Any CPU
		{D9963397-2C19-4DCF-9926-F05DD43DD322}.Release|iPhoneSimulator.Build.0 = Release|Any CPU
		{D9963397-2C19-4DCF-9926-F05DD43DD322}.Release|x64.ActiveCfg = Release|Any CPU
		{D9963397-2C19-4DCF-9926-F05DD43DD322}.Release|x64.Build.0 = Release|Any CPU
		{D9963397-2C19-4DCF-9926-F05DD43DD322}.Release|x86.ActiveCfg = Release|Any CPU
		{D9963397-2C19-4DCF-9926-F05DD43DD322}.Release|x86.Build.0 = Release|Any CPU
	EndGlobalSection
	GlobalSection(SolutionProperties) = preSolution
		HideSolutionNode = FALSE
	EndGlobalSection
	GlobalSection(NestedProjects) = preSolution
		{93A4EB5A-15AF-4EB3-95EB-657374397A38} = {BA5BB115-619A-4189-8F85-E8D6E5100929}
		{F828DBAB-31DA-44E2-A50F-4D24A87644C2} = {BA5BB115-619A-4189-8F85-E8D6E5100929}
		{99AF4877-02DF-4DAE-A524-4056BAE82614} = {BA5BB115-619A-4189-8F85-E8D6E5100929}
	EndGlobalSection
	GlobalSection(ExtensibilityGlobals) = postSolution
		SolutionGuid = {57DF9896-F097-4EC2-A34D-0320C38402CE}
	EndGlobalSection
EndGlobal
